{
  "requires": true,
  "lockfileVersion": 1,
  "dependencies": {
    "french-badwords-list": {
      "version": "1.0.5",
      "resolved": "https://registry.npmjs.org/french-badwords-list/-/french-badwords-list-1.0.5.tgz",
      "integrity": "sha512-MZ4tpLH+GNlFEx62RLZAttE/ZvmYf42M3MFwh9QK/l4TV6WgZWy1bx4xI3z9mjuLh5GWQQ5jLOx8BFUAwt99tw=="
    },
    "leo-profanity": {
      "version": "1.2.5",
      "resolved": "https://registry.npmjs.org/leo-profanity/-/leo-profanity-1.2.5.tgz",
      "integrity": "sha512-ayq3dy1rO/gSJ2vOzNxxvKIrX26tvuq2J7Ap2qFNl+V2mHtbEPmgCJcA8pwYjk42WmV2jZSOk/o5Z8bAwP7pwA==",
      "requires": {
        "french-badwords-list": "^1.0.3"
      }
    }
  }
}
